// !$*UTF8*$!
{
	archiveVersion = 1;
	classes = {
	};
	objectVersion = 46;
	objects = {

/* Begin PBXBuildFile section */
		FE91A1A81DF23BCD003C2620 /* main.m in Sources */ = {isa = PBXBuildFile; fileRef = FE91A1A71DF23BCD003C2620 /* main.m */; };
		FE91A1AB1DF23BCD003C2620 /* AppDelegate.m in Sources */ = {isa = PBXBuildFile; fileRef = FE91A1AA1DF23BCD003C2620 /* AppDelegate.m */; };
		FE91A1AE1DF23BCD003C2620 /* ViewController.m in Sources */ = {isa = PBXBuildFile; fileRef = FE91A1AD1DF23BCD003C2620 /* ViewController.m */; };
		FE91A1B11DF23BCD003C2620 /* Main.storyboard in Resources */ = {isa = PBXBuildFile; fileRef = FE91A1AF1DF23BCD003C2620 /* Main.storyboard */; };
		FE91A1B31DF23BCD003C2620 /* Assets.xcassets in Resources */ = {isa = PBXBuildFile; fileRef = FE91A1B21DF23BCD003C2620 /* Assets.xcassets */; };
		FE91A1B61DF23BCD003C2620 /* LaunchScreen.storyboard in Resources */ = {isa = PBXBuildFile; fileRef = FE91A1B41DF23BCD003C2620 /* LaunchScreen.storyboard */; };
		FED42AF51DF2E9DC00283F7B /* MapKit.framework in Frameworks */ = {isa = PBXBuildFile; fileRef = FED42AF41DF2E9DC00283F7B /* MapKit.framework */; };
		FED42AFA1DF3302D00283F7B /* data.json in Resources */ = {isa = PBXBuildFile; fileRef = FED42AF91DF3302D00283F7B /* data.json */; };
		FED42AFD1DF3304B00283F7B /* CollectionViewController.m in Sources */ = {isa = PBXBuildFile; fileRef = FED42AFC1DF3304B00283F7B /* CollectionViewController.m */; };
		FED42B011DF335D900283F7B /* Genres.m in Sources */ = {isa = PBXBuildFile; fileRef = FED42B001DF335D900283F7B /* Genres.m */; };
		FED42B041DF3482100283F7B /* Annotation.m in Sources */ = {isa = PBXBuildFile; fileRef = FED42B031DF3482100283F7B /* Annotation.m */; };
/* End PBXBuildFile section */

/* Begin PBXFileReference section */
		FE91A1A31DF23BCD003C2620 /* Popup Concert.app */ = {isa = PBXFileReference; explicitFileType = wrapper.application; includeInIndex = 0; path = "Popup Concert.app"; sourceTree = BUILT_PRODUCTS_DIR; };
		FE91A1A71DF23BCD003C2620 /* main.m */ = {isa = PBXFileReference; lastKnownFileType = sourcecode.c.objc; path = main.m; sourceTree = "<group>"; };
		FE91A1A91DF23BCD003C2620 /* AppDelegate.h */ = {isa = PBXFileReference; lastKnownFileType = sourcecode.c.h; path = AppDelegate.h; sourceTree = "<group>"; };
		FE91A1AA1DF23BCD003C2620 /* AppDelegate.m */ = {isa = PBXFileReference; lastKnownFileType = sourcecode.c.objc; path = AppDelegate.m; sourceTree = "<group>"; };
		FE91A1AC1DF23BCD003C2620 /* ViewController.h */ = {isa = PBXFileReference; lastKnownFileType = sourcecode.c.h; path = ViewController.h; sourceTree = "<group>"; };
		FE91A1AD1DF23BCD003C2620 /* ViewController.m */ = {isa = PBXFileReference; lastKnownFileType = sourcecode.c.objc; path = ViewController.m; sourceTree = "<group>"; };
		FE91A1B01DF23BCD003C2620 /* Base */ = {isa = PBXFileReference; lastKnownFileType = file.storyboard; name = Base; path = Base.lproj/Main.storyboard; sourceTree = "<group>"; };
		FE91A1B21DF23BCD003C2620 /* Assets.xcassets */ = {isa = PBXFileReference; lastKnownFileType = folder.assetcatalog; path = Assets.xcassets; sourceTree = "<group>"; };
		FE91A1B51DF23BCD003C2620 /* Base */ = {isa = PBXFileReference; lastKnownFileType = file.storyboard; name = Base; path = Base.lproj/LaunchScreen.storyboard; sourceTree = "<group>"; };
		FE91A1B71DF23BCD003C2620 /* Info.plist */ = {isa = PBXFileReference; lastKnownFileType = text.plist.xml; path = Info.plist; sourceTree = "<group>"; };
		FED42AF41DF2E9DC00283F7B /* MapKit.framework */ = {isa = PBXFileReference; lastKnownFileType = wrapper.framework; name = MapKit.framework; path = System/Library/Frameworks/MapKit.framework; sourceTree = SDKROOT; };
		FED42AF91DF3302D00283F7B /* data.json */ = {isa = PBXFileReference; fileEncoding = 4; lastKnownFileType = text.json; path = data.json; sourceTree = "<group>"; };
		FED42AFB1DF3304B00283F7B /* CollectionViewController.h */ = {isa = PBXFileReference; fileEncoding = 4; lastKnownFileType = sourcecode.c.h; path = CollectionViewController.h; sourceTree = "<group>"; };
		FED42AFC1DF3304B00283F7B /* CollectionViewController.m */ = {isa = PBXFileReference; fileEncoding = 4; lastKnownFileType = sourcecode.c.objc; path = CollectionViewController.m; sourceTree = "<group>"; };
		FED42AFF1DF335D900283F7B /* Genres.h */ = {isa = PBXFileReference; fileEncoding = 4; lastKnownFileType = sourcecode.c.h; path = Genres.h; sourceTree = "<group>"; };
		FED42B001DF335D900283F7B /* Genres.m */ = {isa = PBXFileReference; fileEncoding = 4; lastKnownFileType = sourcecode.c.objc; path = Genres.m; sourceTree = "<group>"; };
		FED42B021DF3482100283F7B /* Annotation.h */ = {isa = PBXFileReference; fileEncoding = 4; lastKnownFileType = sourcecode.c.h; path = Annotation.h; sourceTree = "<group>"; };
		FED42B031DF3482100283F7B /* Annotation.m */ = {isa = PBXFileReference; fileEncoding = 4; lastKnownFileType = sourcecode.c.objc; path = Annotation.m; sourceTree = "<group>"; };
/* End PBXFileReference section */

/* Begin PBXFrameworksBuildPhase section */
		FE91A1A01DF23BCC003C2620 /* Frameworks */ = {
			isa = PBXFrameworksBuildPhase;
			buildActionMask = 2147483647;
			files = (
				FED42AF51DF2E9DC00283F7B /* MapKit.framework in Frameworks */,
			);
			runOnlyForDeploymentPostprocessing = 0;
		};
/* End PBXFrameworksBuildPhase section */

/* Begin PBXGroup section */
		FE91A19A1DF23BCC003C2620 = {
			isa = PBXGroup;
			children = (
				FE91A1A51DF23BCD003C2620 /* test123 */,
				FE91A1A41DF23BCD003C2620 /* Products */,
				FED42AF31DF2E9DC00283F7B /* Frameworks */,
			);
			sourceTree = "<group>";
		};
		FE91A1A41DF23BCD003C2620 /* Products */ = {
			isa = PBXGroup;
			children = (
				FE91A1A31DF23BCD003C2620 /* Popup Concert.app */,
			);
			name = Products;
			sourceTree = "<group>";
		};
		FE91A1A51DF23BCD003C2620 /* test123 */ = {
			isa = PBXGroup;
			children = (
				FED42AFE1DF334E100283F7B /* assets */,
				FED42AF91DF3302D00283F7B /* data.json */,
				FE91A1A91DF23BCD003C2620 /* AppDelegate.h */,
				FE91A1AA1DF23BCD003C2620 /* AppDelegate.m */,
				FE91A1AC1DF23BCD003C2620 /* ViewController.h */,
				FE91A1AD1DF23BCD003C2620 /* ViewController.m */,
				FED42AFB1DF3304B00283F7B /* CollectionViewController.h */,
				FED42AFC1DF3304B00283F7B /* CollectionViewController.m */,
				FE91A1AF1DF23BCD003C2620 /* Main.storyboard */,
				FE91A1B21DF23BCD003C2620 /* Assets.xcassets */,
				FE91A1B41DF23BCD003C2620 /* LaunchScreen.storyboard */,
				FE91A1B71DF23BCD003C2620 /* Info.plist */,
				FE91A1A61DF23BCD003C2620 /* Supporting Files */,
				FED42AFF1DF335D900283F7B /* Genres.h */,
				FED42B001DF335D900283F7B /* Genres.m */,
				FED42B021DF3482100283F7B /* Annotation.h */,
				FED42B031DF3482100283F7B /* Annotation.m */,
			);
			path = test123;
			sourceTree = "<group>";
		};
		FE91A1A61DF23BCD003C2620 /* Supporting Files */ = {
			isa = PBXGroup;
			children = (
				FE91A1A71DF23BCD003C2620 /* main.m */,
			);
			name = "Supporting Files";
			sourceTree = "<group>";
		};
		FED42AF31DF2E9DC00283F7B /* Frameworks */ = {
			isa = PBXGroup;
			children = (
				FED42AF41DF2E9DC00283F7B /* MapKit.framework */,
			);
			name = Frameworks;
			sourceTree = "<group>";
		};
		FED42AFE1DF334E100283F7B /* assets */ = {
			isa = PBXGroup;
			children = (
			);
			name = assets;
			sourceTree = "<group>";
		};
/* End PBXGroup section */

/* Begin PBXNativeTarget section */
		FE91A1A21DF23BCC003C2620 /* test123 */ = {
			isa = PBXNativeTarget;
			buildConfigurationList = FE91A1BA1DF23BCD003C2620 /* Build configuration list for PBXNativeTarget "test123" */;
			buildPhases = (
				FE91A19F1DF23BCC003C2620 /* Sources */,
				FE91A1A01DF23BCC003C2620 /* Frameworks */,
				FE91A1A11DF23BCC003C2620 /* Resources */,
			);
			buildRules = (
			);
			dependencies = (
			);
			name = test123;
			productName = test123;
			productReference = FE91A1A31DF23BCD003C2620 /* Popup Concert.app */;
			productType = "com.apple.product-type.application";
		};
/* End PBXNativeTarget section */

/* Begin PBXProject section */
		FE91A19B1DF23BCC003C2620 /* Project object */ = {
			isa = PBXProject;
			attributes = {
				LastUpgradeCheck = 0810;
				ORGANIZATIONNAME = "Shay Finkelstein";
				TargetAttributes = {
					FE91A1A21DF23BCC003C2620 = {
						CreatedOnToolsVersion = 8.1;
						DevelopmentTeam = 4CZ8SEND45;
						ProvisioningStyle = Automatic;
						SystemCapabilities = {
							com.apple.Maps.iOS = {
								enabled = 1;
							};
						};
					};
				};
			};
			buildConfigurationList = FE91A19E1DF23BCC003C2620 /* Build configuration list for PBXProject "test123" */;
			compatibilityVersion = "Xcode 3.2";
			developmentRegion = English;
			hasScannedForEncodings = 0;
			knownRegions = (
				en,
				Base,
			);
			mainGroup = FE91A19A1DF23BCC003C2620;
			productRefGroup = FE91A1A41DF23BCD003C2620 /* Products */;
			projectDirPath = "";
			projectRoot = "";
			targets = (
				FE91A1A21DF23BCC003C2620 /* test123 */,
			);
		};
/* End PBXProject section */

/* Begin PBXResourcesBuildPhase section */
		FE91A1A11DF23BCC003C2620 /* Resources */ = {
			isa = PBXResourcesBuildPhase;
			buildActionMask = 2147483647;
			files = (
				FE91A1B61DF23BCD003C2620 /* LaunchScreen.storyboard in Resources */,
				FE91A1B31DF23BCD003C2620 /* Assets.xcassets in Resources */,
				FE91A1B11DF23BCD003C2620 /* Main.storyboard in Resources */,
				FED42AFA1DF3302D00283F7B /* data.json in Resources */,
			);
			runOnlyForDeploymentPostprocessing = 0;
		};
/* End PBXResourcesBuildPhase section */

/* Begin PBXSourcesBuildPhase section */
		FE91A19F1DF23BCC003C2620 /* Sources */ = {
			isa = PBXSourcesBuildPhase;
			buildActionMask = 2147483647;
			files = (
				FED42B041DF3482100283F7B /* Annotation.m in Sources */,
				FED42AFD1DF3304B00283F7B /* CollectionViewController.m in Sources */,
				FE91A1AE1DF23BCD003C2620 /* ViewController.m in Sources */,
				FED42B011DF335D900283F7B /* Genres.m in Sources */,
				FE91A1AB1DF23BCD003C2620 /* AppDelegate.m in Sources */,
				FE91A1A81DF23BCD003C2620 /* main.m in Sources */,
			);
			runOnlyForDeploymentPostprocessing = 0;
		};
/* End PBXSourcesBuildPhase section */

/* Begin PBXVariantGroup section */
		FE91A1AF1DF23BCD003C2620 /* Main.storyboard */ = {
			isa = PBXVariantGroup;
			children = (
				FE91A1B01DF23BCD003C2620 /* Base */,
			);
			name = Main.storyboard;
			sourceTree = "<group>";
		};
		FE91A1B41DF23BCD003C2620 /* LaunchScreen.storyboard */ = {
			isa = PBXVariantGroup;
			children = (
				FE91A1B51DF23BCD003C2620 /* Base */,
			);
			name = LaunchScreen.storyboard;
			sourceTree = "<group>";
		};
/* End PBXVariantGroup section */

/* Begin XCBuildConfiguration section */
		FE91A1B81DF23BCD003C2620 /* Debug */ = {
			isa = XCBuildConfiguration;
			buildSettings = {
				ALWAYS_SEARCH_USER_PATHS = NO;
				CLANG_ANALYZER_NONNULL = YES;
				CLANG_CXX_LANGUAGE_STANDARD = "gnu++0x";
				CLANG_CXX_LIBRARY = "libc++";
				CLANG_ENABLE_MODULES = YES;
				CLANG_ENABLE_OBJC_ARC = YES;
				CLANG_WARN_BOOL_CONVERSION = YES;
				CLANG_WARN_CONSTANT_CONVERSION = YES;
				CLANG_WARN_DIRECT_OBJC_ISA_USAGE = YES_ERROR;
				CLANG_WARN_DOCUMENTATION_COMMENTS = YES;
				CLANG_WARN_EMPTY_BODY = YES;
				CLANG_WARN_ENUM_CONVERSION = YES;
				CLANG_WARN_INFINITE_RECURSION = YES;
				CLANG_WARN_INT_CONVERSION = YES;
				CLANG_WARN_OBJC_ROOT_CLASS = YES_ERROR;
				CLANG_WARN_SUSPICIOUS_MOVES = YES;
				CLANG_WARN_UNREACHABLE_CODE = YES;
				CLANG_WARN__DUPLICATE_METHOD_MATCH = YES;
				"CODE_SIGN_IDENTITY[sdk=iphoneos*]" = "iPhone Developer";
				COPY_PHASE_STRIP = NO;
				DEBUG_INFORMATION_FORMAT = dwarf;
				ENABLE_STRICT_OBJC_MSGSEND = YES;
				ENABLE_TESTABILITY = YES;
				GCC_C_LANGUAGE_STANDARD = gnu99;
				GCC_DYNAMIC_NO_PIC = NO;
				GCC_NO_COMMON_BLOCKS = YES;
				GCC_OPTIMIZATION_LEVEL = 0;
				GCC_PREPROCESSOR_DEFINITIONS = (
					"DEBUG=1",
					"$(inherited)",
				);
				GCC_WARN_64_TO_32_BIT_CONVERSION = YES;
				GCC_WARN_ABOUT_RETURN_TYPE = YES_ERROR;
				GCC_WARN_UNDECLARED_SELECTOR = YES;
				GCC_WARN_UNINITIALIZED_AUTOS = YES_AGGRESSIVE;
				GCC_WARN_UNUSED_FUNCTION = YES;
				GCC_WARN_UNUSED_VARIABLE = YES;
				IPHONEOS_DEPLOYMENT_TARGET = 10.1;
				MTL_ENABLE_DEBUG_INFO = YES;
				ONLY_ACTIVE_ARCH = YES;
				SDKROOT = iphoneos;
				TARGETED_DEVICE_FAMILY = "1,2";
			};
			name = Debug;
		};
		FE91A1B91DF23BCD003C2620 /* Release */ = {
			isa = XCBuildConfiguration;
			buildSettings = {
				ALWAYS_SEARCH_USER_PATHS = NO;
				CLANG_ANALYZER_NONNULL = YES;
				CLANG_CXX_LANGUAGE_STANDARD = "gnu++0x";
				CLANG_CXX_LIBRARY = "libc++";
				CLANG_ENABLE_MODULES = YES;
				CLANG_ENABLE_OBJC_ARC = YES;
				CLANG_WARN_BOOL_CONVERSION = YES;
				CLANG_WARN_CONSTANT_CONVERSION = YES;
				CLANG_WARN_DIRECT_OBJC_ISA_USAGE = YES_ERROR;
				CLANG_WARN_DOCUMENTATION_COMMENTS = YES;
				CLANG_WARN_EMPTY_BODY = YES;
				CLANG_WARN_ENUM_CONVERSION = YES;
				CLANG_WARN_INFINITE_RECURSION = YES;
				CLANG_WARN_INT_CONVERSION = YES;
				CLANG_WARN_OBJC_ROOT_CLASS = YES_ERROR;
				CLANG_WARN_SUSPICIOUS_MOVES = YES;
				CLANG_WARN_UNREACHABLE_CODE = YES;
				CLANG_WARN__DUPLICATE_METHOD_MATCH = YES;
				"CODE_SIGN_IDENTITY[sdk=iphoneos*]" = "iPhone Developer";
				COPY_PHASE_STRIP = NO;
				DEBUG_INFORMATION_FORMAT = "dwarf-with-dsym";
				ENABLE_NS_ASSERTIONS = NO;
				ENABLE_STRICT_OBJC_MSGSEND = YES;
				GCC_C_LANGUAGE_STANDARD = gnu99;
				GCC_NO_COMMON_BLOCKS = YES;
				GCC_WARN_64_TO_32_BIT_CONVERSION = YES;
				GCC_WARN_ABOUT_RETURN_TYPE = YES_ERROR;
				GCC_WARN_UNDECLARED_SELECTOR = YES;
				GCC_WARN_UNINITIALIZED_AUTOS = YES_AGGRESSIVE;
				GCC_WARN_UNUSED_FUNCTION = YES;
				GCC_WARN_UNUSED_VARIABLE = YES;
				IPHONEOS_DEPLOYMENT_TARGET = 10.1;
				MTL_ENABLE_DEBUG_INFO = NO;
				SDKROOT = iphoneos;
				TARGETED_DEVICE_FAMILY = "1,2";
				VALIDATE_PRODUCT = YES;
			};
			name = Release;
		};
		FE91A1BB1DF23BCD003C2620 /* Debug */ = {
			isa = XCBuildConfiguration;
			buildSettings = {
				ASSETCATALOG_COMPILER_APPICON_NAME = AppIcon;
				DEVELOPMENT_TEAM = 4CZ8SEND45;
				INFOPLIST_FILE = test123/Info.plist;
				IPHONEOS_DEPLOYMENT_TARGET = 9.0;
				LD_RUNPATH_SEARCH_PATHS = "$(inherited) @executable_path/Frameworks";
				PRODUCT_BUNDLE_IDENTIFIER = Dataphase.test123;
				PRODUCT_NAME = "Popup Concert";
			};
			name = Debug;
		};
		FE91A1BC1DF23BCD003C2620 /* Release */ = {
			isa = XCBuildConfiguration;
			buildSettings = {
				ASSETCATALOG_COMPILER_APPICON_NAME = AppIcon;
				DEVELOPMENT_TEAM = 4CZ8SEND45;
				INFOPLIST_FILE = test123/Info.plist;
				IPHONEOS_DEPLOYMENT_TARGET = 9.0;
				LD_RUNPATH_SEARCH_PATHS = "$(inherited) @executable_path/Frameworks";
				PRODUCT_BUNDLE_IDENTIFIER = Dataphase.test123;
				PRODUCT_NAME = "Popup Concert";
			};
			name = Release;
		};
/* End XCBuildConfiguration section */

/* Begin XCConfigurationList section */
		FE91A19E1DF23BCC003C2620 /* Build configuration list for PBXProject "test123" */ = {
			isa = XCConfigurationList;
			buildConfigurations = (
				FE91A1B81DF23BCD003C2620 /* Debug */,
				FE91A1B91DF23BCD003C2620 /* Release */,
			);
			defaultConfigurationIsVisible = 0;
			defaultConfigurationName = Release;
		};
		FE91A1BA1DF23BCD003C2620 /* Build configuration list for PBXNativeTarget "test123" */ = {
			isa = XCConfigurationList;
			buildConfigurations = (
				FE91A1BB1DF23BCD003C2620 /* Debug */,
				FE91A1BC1DF23BCD003C2620 /* Release */,
			);
			defaultConfigurationIsVisible = 0;
			defaultConfigurationName = Release;
		};
/* End XCConfigurationList section */
	};
	rootObject = FE91A19B1DF23BCC003C2620 /* Project object */;
}
